
Microsoft Visual Studio Solution File, Format Version 12.00
# Visual Studio Version 17
VisualStudioVersion = 17.8.34511.84
MinimumVisualStudioVersion = 10.0.40219.1
Project("{FAE04EC0-301F-11D3-BF4B-00C04F79EFBC}") = "WpfApp18", "WpfApp18\WpfApp18.csproj", "{27FA0091-BD32-4286-8381-F11C96977EBC}"
EndProject
Global
	GlobalSection(SolutionConfigurationPlatforms) = preSolution
		Debug|Any CPU = Debug|Any CPU
		Release|Any CPU = Release|Any CPU
	EndGlobalSection
	GlobalSection(ProjectConfigurationPlatforms) = postSolution
		{27FA0091-BD32-4286-8381-F11C96977EBC}.Debug|Any CPU.ActiveCfg = Debug|Any CPU
		{27FA0091-BD32-4286-8381-F11C96977EBC}.Debug|Any CPU.Build.0 = Debug|Any CPU
		{27FA0091-BD32-4286-8381-F11C96977EBC}.Release|Any CPU.ActiveCfg = Release|Any CPU
		{27FA0091-BD32-4286-8381-F11C96977EBC}.Release|Any CPU.Build.0 = Release|Any CPU
	EndGlobalSection
	GlobalSection(SolutionProperties) = preSolution
		HideSolutionNode = FALSE
	EndGlobalSection
	GlobalSection(ExtensibilityGlobals) = postSolution
		SolutionGuid = {40CDBD5B-ADEC-490B-80D6-6DDFD3A31A5B}
	EndGlobalSection
EndGlobal
